
Microsoft Visual Studio Solution File, Format Version 12.00
# Visual Studio Version 16
VisualStudioVersion = 16.0.32126.315
MinimumVisualStudioVersion = 10.0.40219.1
Project("{FAE04EC0-301F-11D3-BF4B-00C04F79EFBC}") = "10 aprel practica", "10 aprel practica\10 aprel practica.csproj", "{A919D963-1C87-4BED-9DBA-6D39D2B75D87}"
EndProject
Global
	GlobalSection(SolutionConfigurationPlatforms) = preSolution
		Debug|Any CPU = Debug|Any CPU
		Release|Any CPU = Release|Any CPU
	EndGlobalSection
	GlobalSection(ProjectConfigurationPlatforms) = postSolution
		{A919D963-1C87-4BED-9DBA-6D39D2B75D87}.Debug|Any CPU.ActiveCfg = Debug|Any CPU
		{A919D963-1C87-4BED-9DBA-6D39D2B75D87}.Debug|Any CPU.Build.0 = Debug|Any CPU
		{A919D963-1C87-4BED-9DBA-6D39D2B75D87}.Release|Any CPU.ActiveCfg = Release|Any CPU
		{A919D963-1C87-4BED-9DBA-6D39D2B75D87}.Release|Any CPU.Build.0 = Release|Any CPU
	EndGlobalSection
	GlobalSection(SolutionProperties) = preSolution
		HideSolutionNode = FALSE
	EndGlobalSection
	GlobalSection(ExtensibilityGlobals) = postSolution
		SolutionGuid = {2096361F-8A38-44AD-9C8C-DE9629ADD311}
	EndGlobalSection
EndGlobal
